
Microsoft Visual Studio Solution File, Format Version 12.00
# Visual Studio 15
VisualStudioVersion = 15.0.26730.15
MinimumVisualStudioVersion = 10.0.40219.1
Project("{9A19103F-16F7-4668-BE54-9A1E7A4F7556}") = "Restack", "src\Restack\Restack.csproj", "{C6127E90-A352-4DB1-B432-957B59EC7A58}"
EndProject
Project("{2150E333-8FDC-42A3-9474-1A3956D46DE8}") = "src", "src", "{B3FEAA40-B11C-4D0D-8ED2-50A44D9E48D2}"
EndProject
Project("{9A19103F-16F7-4668-BE54-9A1E7A4F7556}") = "Restack.Refit", "src\Restack.Refit\Restack.Refit.csproj", "{448B5874-C554-40D0-8FFB-82CA5783C0F8}"
EndProject
Project("{9A19103F-16F7-4668-BE54-9A1E7A4F7556}") = "Restack.Polly", "src\Restack.Polly\Restack.Polly.csproj", "{1E54CF36-F194-4282-B602-638568849D8E}"
EndProject
Project("{9A19103F-16F7-4668-BE54-9A1E7A4F7556}") = "Restack.Consul", "src\Restack.Consul\Restack.Consul.csproj", "{14FC2838-7D01-4DD7-A265-A1015FAC8134}"
EndProject
Project("{9A19103F-16F7-4668-BE54-9A1E7A4F7556}") = "Restack.Mvc", "src\Restack.Mvc\Restack.Mvc.csproj", "{0570769F-225D-415F-B58B-E558C9D621E1}"
EndProject
Project("{2150E333-8FDC-42A3-9474-1A3956D46DE8}") = "test", "test", "{8E7BD656-D4F1-4DC9-ACF5-E71AB6A1C909}"
EndProject
Project("{9A19103F-16F7-4668-BE54-9A1E7A4F7556}") = "Restack.Tests", "test\Restack.Tests\Restack.Tests.csproj", "{3ED1937B-36B0-41AC-A3A4-E925403ED890}"
EndProject
Project("{9A19103F-16F7-4668-BE54-9A1E7A4F7556}") = "Restack.Refit.Tests", "test\Restack.Refit.Tests\Restack.Refit.Tests.csproj", "{F44B8842-B4CD-4F2A-87B1-770B9AC23464}"
EndProject
Project("{2150E333-8FDC-42A3-9474-1A3956D46DE8}") = "sample", "sample", "{802994B0-F814-4F51-9DBF-9C59A30BD311}"
EndProject
Project("{FAE04EC0-301F-11D3-BF4B-00C04F79EFBC}") = "Restack.WebApp", "sample\Restack.WebApp\Restack.WebApp.csproj", "{219E162A-8433-4860-9124-0A02CEB3306C}"
EndProject
Global
	GlobalSection(SolutionConfigurationPlatforms) = preSolution
		Debug|Any CPU = Debug|Any CPU
		Release|Any CPU = Release|Any CPU
	EndGlobalSection
	GlobalSection(ProjectConfigurationPlatforms) = postSolution
		{C6127E90-A352-4DB1-B432-957B59EC7A58}.Debug|Any CPU.ActiveCfg = Debug|Any CPU
		{C6127E90-A352-4DB1-B432-957B59EC7A58}.Debug|Any CPU.Build.0 = Debug|Any CPU
		{C6127E90-A352-4DB1-B432-957B59EC7A58}.Release|Any CPU.ActiveCfg = Release|Any CPU
		{C6127E90-A352-4DB1-B432-957B59EC7A58}.Release|Any CPU.Build.0 = Release|Any CPU
		{448B5874-C554-40D0-8FFB-82CA5783C0F8}.Debug|Any CPU.ActiveCfg = Debug|Any CPU
		{448B5874-C554-40D0-8FFB-82CA5783C0F8}.Debug|Any CPU.Build.0 = Debug|Any CPU
		{448B5874-C554-40D0-8FFB-82CA5783C0F8}.Release|Any CPU.ActiveCfg = Release|Any CPU
		{448B5874-C554-40D0-8FFB-82CA5783C0F8}.Release|Any CPU.Build.0 = Release|Any CPU
		{1E54CF36-F194-4282-B602-638568849D8E}.Debug|Any CPU.ActiveCfg = Debug|Any CPU
		{1E54CF36-F194-4282-B602-638568849D8E}.Debug|Any CPU.Build.0 = Debug|Any CPU
		{1E54CF36-F194-4282-B602-638568849D8E}.Release|Any CPU.ActiveCfg = Release|Any CPU
		{1E54CF36-F194-4282-B602-638568849D8E}.Release|Any CPU.Build.0 = Release|Any CPU
		{14FC2838-7D01-4DD7-A265-A1015FAC8134}.Debug|Any CPU.ActiveCfg = Debug|Any CPU
		{14FC2838-7D01-4DD7-A265-A1015FAC8134}.Debug|Any CPU.Build.0 = Debug|Any CPU
		{14FC2838-7D01-4DD7-A265-A1015FAC8134}.Release|Any CPU.ActiveCfg = Release|Any CPU
		{14FC2838-7D01-4DD7-A265-A1015FAC8134}.Release|Any CPU.Build.0 = Release|Any CPU
		{0570769F-225D-415F-B58B-E558C9D621E1}.Debug|Any CPU.ActiveCfg = Debug|Any CPU
		{0570769F-225D-415F-B58B-E558C9D621E1}.Debug|Any CPU.Build.0 = Debug|Any CPU
		{0570769F-225D-415F-B58B-E558C9D621E1}.Release|Any CPU.ActiveCfg = Release|Any CPU
		{0570769F-225D-415F-B58B-E558C9D621E1}.Release|Any CPU.Build.0 = Release|Any CPU
		{3ED1937B-36B0-41AC-A3A4-E925403ED890}.Debug|Any CPU.ActiveCfg = Debug|Any CPU
		{3ED1937B-36B0-41AC-A3A4-E925403ED890}.Debug|Any CPU.Build.0 = Debug|Any CPU
		{3ED1937B-36B0-41AC-A3A4-E925403ED890}.Release|Any CPU.ActiveCfg = Release|Any CPU
		{3ED1937B-36B0-41AC-A3A4-E925403ED890}.Release|Any CPU.Build.0 = Release|Any CPU
		{F44B8842-B4CD-4F2A-87B1-770B9AC23464}.Debug|Any CPU.ActiveCfg = Debug|Any CPU
		{F44B8842-B4CD-4F2A-87B1-770B9AC23464}.Debug|Any CPU.Build.0 = Debug|Any CPU
		{F44B8842-B4CD-4F2A-87B1-770B9AC23464}.Release|Any CPU.ActiveCfg = Release|Any CPU
		{F44B8842-B4CD-4F2A-87B1-770B9AC23464}.Release|Any CPU.Build.0 = Release|Any CPU
		{219E162A-8433-4860-9124-0A02CEB3306C}.Debug|Any CPU.ActiveCfg = Debug|Any CPU
		{219E162A-8433-4860-9124-0A02CEB3306C}.Debug|Any CPU.Build.0 = Debug|Any CPU
		{219E162A-8433-4860-9124-0A02CEB3306C}.Release|Any CPU.ActiveCfg = Release|Any CPU
		{219E162A-8433-4860-9124-0A02CEB3306C}.Release|Any CPU.Build.0 = Release|Any CPU
	EndGlobalSection
	GlobalSection(SolutionProperties) = preSolution
		HideSolutionNode = FALSE
	EndGlobalSection
	GlobalSection(NestedProjects) = preSolution
		{C6127E90-A352-4DB1-B432-957B59EC7A58} = {B3FEAA40-B11C-4D0D-8ED2-50A44D9E48D2}
		{448B5874-C554-40D0-8FFB-82CA5783C0F8} = {B3FEAA40-B11C-4D0D-8ED2-50A44D9E48D2}
		{1E54CF36-F194-4282-B602-638568849D8E} = {B3FEAA40-B11C-4D0D-8ED2-50A44D9E48D2}
		{14FC2838-7D01-4DD7-A265-A1015FAC8134} = {B3FEAA40-B11C-4D0D-8ED2-50A44D9E48D2}
		{0570769F-225D-415F-B58B-E558C9D621E1} = {B3FEAA40-B11C-4D0D-8ED2-50A44D9E48D2}
		{3ED1937B-36B0-41AC-A3A4-E925403ED890} = {8E7BD656-D4F1-4DC9-ACF5-E71AB6A1C909}
		{F44B8842-B4CD-4F2A-87B1-770B9AC23464} = {8E7BD656-D4F1-4DC9-ACF5-E71AB6A1C909}
		{219E162A-8433-4860-9124-0A02CEB3306C} = {802994B0-F814-4F51-9DBF-9C59A30BD311}
	EndGlobalSection
	GlobalSection(ExtensibilityGlobals) = postSolution
		SolutionGuid = {53164345-8049-4990-9677-1F00D99B1357}
	EndGlobalSection
EndGlobal
